
Microsoft Visual Studio Solution File, Format Version 12.00
# Visual Studio Version 17
VisualStudioVersion = 17.5.33414.496
MinimumVisualStudioVersion = 10.0.40219.1
Project("{FAE04EC0-301F-11D3-BF4B-00C04F79EFBC}") = "PaintNet", "PaintNet\PaintNet.csproj", "{208EDC50-6959-425F-9461-06CEA29ADF6A}"
EndProject
Global
	GlobalSection(SolutionConfigurationPlatforms) = preSolution
		Debug|Any CPU = Debug|Any CPU
		Release|Any CPU = Release|Any CPU
	EndGlobalSection
	GlobalSection(ProjectConfigurationPlatforms) = postSolution
		{208EDC50-6959-425F-9461-06CEA29ADF6A}.Debug|Any CPU.ActiveCfg = Debug|Any CPU
		{208EDC50-6959-425F-9461-06CEA29ADF6A}.Debug|Any CPU.Build.0 = Debug|Any CPU
		{208EDC50-6959-425F-9461-06CEA29ADF6A}.Release|Any CPU.ActiveCfg = Release|Any CPU
		{208EDC50-6959-425F-9461-06CEA29ADF6A}.Release|Any CPU.Build.0 = Release|Any CPU
	EndGlobalSection
	GlobalSection(SolutionProperties) = preSolution
		HideSolutionNode = FALSE
	EndGlobalSection
	GlobalSection(ExtensibilityGlobals) = postSolution
		SolutionGuid = {1B58E54D-D333-4E4B-BD81-574FE0FBF36A}
	EndGlobalSection
EndGlobal
